
Microsoft Visual Studio Solution File, Format Version 12.00
# Visual Studio Version 17
VisualStudioVersion = 17.8.34525.116
MinimumVisualStudioVersion = 10.0.40219.1
Project("{2150E333-8FDC-42A3-9474-1A3956D46DE8}") = "src", "src", "{17812119-948D-4199-8C10-1AF4E3197B21}"
EndProject
Project("{2150E333-8FDC-42A3-9474-1A3956D46DE8}") = "tests", "tests", "{02E24C7A-6CF3-48F4-AB11-B139196C2324}"
EndProject
Project("{9A19103F-16F7-4668-BE54-9A1E7A4F7556}") = "RocketseatAuctionAPI", "src\RocketseatAuctionAPI\RocketseatAuctionAPI.csproj", "{024A848C-73CD-4A00-859C-BF1577C47F97}"
EndProject
Global
	GlobalSection(SolutionConfigurationPlatforms) = preSolution
		Debug|Any CPU = Debug|Any CPU
		Release|Any CPU = Release|Any CPU
	EndGlobalSection
	GlobalSection(ProjectConfigurationPlatforms) = postSolution
		{024A848C-73CD-4A00-859C-BF1577C47F97}.Debug|Any CPU.ActiveCfg = Debug|Any CPU
		{024A848C-73CD-4A00-859C-BF1577C47F97}.Debug|Any CPU.Build.0 = Debug|Any CPU
		{024A848C-73CD-4A00-859C-BF1577C47F97}.Release|Any CPU.ActiveCfg = Release|Any CPU
		{024A848C-73CD-4A00-859C-BF1577C47F97}.Release|Any CPU.Build.0 = Release|Any CPU
	EndGlobalSection
	GlobalSection(SolutionProperties) = preSolution
		HideSolutionNode = FALSE
	EndGlobalSection
	GlobalSection(NestedProjects) = preSolution
		{024A848C-73CD-4A00-859C-BF1577C47F97} = {17812119-948D-4199-8C10-1AF4E3197B21}
	EndGlobalSection
	GlobalSection(ExtensibilityGlobals) = postSolution
		SolutionGuid = {F4E59EF6-852C-47AD-B15E-2989F97D984F}
	EndGlobalSection
EndGlobal
